Microsoft Visual Studio Solution File, Format Version 12.00
# Visual Studio 2012
Project("{FAE04EC0-301F-11D3-BF4B-00C04F79EFBC}") = "PuzzleCourse", "PuzzleCourse.csproj", "{AA5435A6-2FD8-4259-B1CA-1AC33CF25625}"
EndProject
Global
	GlobalSection(SolutionConfigurationPlatforms) = preSolution
	Debug|Any CPU = Debug|Any CPU
	ExportDebug|Any CPU = ExportDebug|Any CPU
	ExportRelease|Any CPU = ExportRelease|Any CPU
	EndGlobalSection
	GlobalSection(ProjectConfigurationPlatforms) = postSolution
		{AA5435A6-2FD8-4259-B1CA-1AC33CF25625}.Debug|Any CPU.ActiveCfg = Debug|Any CPU
		{AA5435A6-2FD8-4259-B1CA-1AC33CF25625}.Debug|Any CPU.Build.0 = Debug|Any CPU
		{AA5435A6-2FD8-4259-B1CA-1AC33CF25625}.ExportDebug|Any CPU.ActiveCfg = ExportDebug|Any CPU
		{AA5435A6-2FD8-4259-B1CA-1AC33CF25625}.ExportDebug|Any CPU.Build.0 = ExportDebug|Any CPU
		{AA5435A6-2FD8-4259-B1CA-1AC33CF25625}.ExportRelease|Any CPU.ActiveCfg = ExportRelease|Any CPU
		{AA5435A6-2FD8-4259-B1CA-1AC33CF25625}.ExportRelease|Any CPU.Build.0 = ExportRelease|Any CPU
	EndGlobalSection
EndGlobal
